
Microsoft Visual Studio Solution File, Format Version 12.00
# Visual Studio Version 17
VisualStudioVersion = 17.0.31903.59
MinimumVisualStudioVersion = 10.0.40219.1
Project("{FAE04EC0-301F-11D3-BF4B-00C04F79EFBC}") = "2015Day1", "2015Day1\2015Day1.csproj", "{AABB9EA4-244D-4F95-98BF-D386668C3193}"
EndProject
Global
	GlobalSection(SolutionConfigurationPlatforms) = preSolution
		Debug|Any CPU = Debug|Any CPU
		Release|Any CPU = Release|Any CPU
	EndGlobalSection
	GlobalSection(SolutionProperties) = preSolution
		HideSolutionNode = FALSE
	EndGlobalSection
	GlobalSection(ProjectConfigurationPlatforms) = postSolution
		{AABB9EA4-244D-4F95-98BF-D386668C3193}.Debug|Any CPU.ActiveCfg = Debug|Any CPU
		{AABB9EA4-244D-4F95-98BF-D386668C3193}.Debug|Any CPU.Build.0 = Debug|Any CPU
		{AABB9EA4-244D-4F95-98BF-D386668C3193}.Release|Any CPU.ActiveCfg = Release|Any CPU
		{AABB9EA4-244D-4F95-98BF-D386668C3193}.Release|Any CPU.Build.0 = Release|Any CPU
	EndGlobalSection
EndGlobal
