
Microsoft Visual Studio Solution File, Format Version 12.00
# Visual Studio Version 17
VisualStudioVersion = 17.0.31903.59
MinimumVisualStudioVersion = 10.0.40219.1
Project("{FAE04EC0-301F-11D3-BF4B-00C04F79EFBC}") = "2015Day17", "2015Day17\2015Day17.csproj", "{14EE89BE-9A9B-4CDD-A2CD-E1298C0A0891}"
EndProject
Global
	GlobalSection(SolutionConfigurationPlatforms) = preSolution
		Debug|Any CPU = Debug|Any CPU
		Release|Any CPU = Release|Any CPU
	EndGlobalSection
	GlobalSection(SolutionProperties) = preSolution
		HideSolutionNode = FALSE
	EndGlobalSection
	GlobalSection(ProjectConfigurationPlatforms) = postSolution
		{14EE89BE-9A9B-4CDD-A2CD-E1298C0A0891}.Debug|Any CPU.ActiveCfg = Debug|Any CPU
		{14EE89BE-9A9B-4CDD-A2CD-E1298C0A0891}.Debug|Any CPU.Build.0 = Debug|Any CPU
		{14EE89BE-9A9B-4CDD-A2CD-E1298C0A0891}.Release|Any CPU.ActiveCfg = Release|Any CPU
		{14EE89BE-9A9B-4CDD-A2CD-E1298C0A0891}.Release|Any CPU.Build.0 = Release|Any CPU
	EndGlobalSection
EndGlobal
